
Microsoft Visual Studio Solution File, Format Version 12.00
# Visual Studio Version 17
VisualStudioVersion = 17.0.32014.148
MinimumVisualStudioVersion = 10.0.40219.1
Project("{9A19103F-16F7-4668-BE54-9A1E7A4F7556}") = "ExpenseTracker.Domain", "ExpenseTracker.Domain\ExpenseTracker.Domain.csproj", "{606D020D-21EE-4D32-A8FB-87B76B41D503}"
EndProject
Project("{9A19103F-16F7-4668-BE54-9A1E7A4F7556}") = "ExpenseTracker.Persistence", "ExpenseTracker.Data\ExpenseTracker.Persistence.csproj", "{6B092F20-37F4-4272-B536-AEA5CC2E26D0}"
EndProject
Project("{2150E333-8FDC-42A3-9474-1A3956D46DE8}") = "Solution Items", "Solution Items", "{FA348735-CCD5-4E2F-B623-C9B1824B28E1}"
	ProjectSection(SolutionItems) = preProject
		.editorconfig = .editorconfig
	EndProjectSection
EndProject
Project("{FAE04EC0-301F-11D3-BF4B-00C04F79EFBC}") = "ExpenseTracker.Application", "ExpenseTracker.Application\ExpenseTracker.Application.csproj", "{1D88A1CB-1C21-4B7B-8BD9-FE892E061B8B}"
EndProject
Global
	GlobalSection(SolutionConfigurationPlatforms) = preSolution
		Debug|Any CPU = Debug|Any CPU
		Release|Any CPU = Release|Any CPU
	EndGlobalSection
	GlobalSection(ProjectConfigurationPlatforms) = postSolution
		{606D020D-21EE-4D32-A8FB-87B76B41D503}.Debug|Any CPU.ActiveCfg = Debug|Any CPU
		{606D020D-21EE-4D32-A8FB-87B76B41D503}.Debug|Any CPU.Build.0 = Debug|Any CPU
		{606D020D-21EE-4D32-A8FB-87B76B41D503}.Release|Any CPU.ActiveCfg = Release|Any CPU
		{606D020D-21EE-4D32-A8FB-87B76B41D503}.Release|Any CPU.Build.0 = Release|Any CPU
		{6B092F20-37F4-4272-B536-AEA5CC2E26D0}.Debug|Any CPU.ActiveCfg = Debug|Any CPU
		{6B092F20-37F4-4272-B536-AEA5CC2E26D0}.Debug|Any CPU.Build.0 = Debug|Any CPU
		{6B092F20-37F4-4272-B536-AEA5CC2E26D0}.Release|Any CPU.ActiveCfg = Release|Any CPU
		{6B092F20-37F4-4272-B536-AEA5CC2E26D0}.Release|Any CPU.Build.0 = Release|Any CPU
		{1D88A1CB-1C21-4B7B-8BD9-FE892E061B8B}.Debug|Any CPU.ActiveCfg = Debug|Any CPU
		{1D88A1CB-1C21-4B7B-8BD9-FE892E061B8B}.Debug|Any CPU.Build.0 = Debug|Any CPU
		{1D88A1CB-1C21-4B7B-8BD9-FE892E061B8B}.Release|Any CPU.ActiveCfg = Release|Any CPU
		{1D88A1CB-1C21-4B7B-8BD9-FE892E061B8B}.Release|Any CPU.Build.0 = Release|Any CPU
	EndGlobalSection
	GlobalSection(SolutionProperties) = preSolution
		HideSolutionNode = FALSE
	EndGlobalSection
	GlobalSection(ExtensibilityGlobals) = postSolution
		SolutionGuid = {4D74C1A7-A9CD-4F5B-AB8E-3686773BCC9D}
	EndGlobalSection
EndGlobal
