
Microsoft Visual Studio Solution File, Format Version 12.00
# Visual Studio Version 17
VisualStudioVersion = 17.0.32014.148
MinimumVisualStudioVersion = 10.0.40219.1
Project("{FAE04EC0-301F-11D3-BF4B-00C04F79EFBC}") = "ExpenseTracker.Domain", "ExpenseTracker.Domain\ExpenseTracker.Domain.csproj", "{606D020D-21EE-4D32-A8FB-87B76B41D503}"
EndProject
Global
	GlobalSection(SolutionConfigurationPlatforms) = preSolution
		Debug|Any CPU = Debug|Any CPU
		Release|Any CPU = Release|Any CPU
	EndGlobalSection
	GlobalSection(ProjectConfigurationPlatforms) = postSolution
		{606D020D-21EE-4D32-A8FB-87B76B41D503}.Debug|Any CPU.ActiveCfg = Debug|Any CPU
		{606D020D-21EE-4D32-A8FB-87B76B41D503}.Debug|Any CPU.Build.0 = Debug|Any CPU
		{606D020D-21EE-4D32-A8FB-87B76B41D503}.Release|Any CPU.ActiveCfg = Release|Any CPU
		{606D020D-21EE-4D32-A8FB-87B76B41D503}.Release|Any CPU.Build.0 = Release|Any CPU
	EndGlobalSection
	GlobalSection(SolutionProperties) = preSolution
		HideSolutionNode = FALSE
	EndGlobalSection
	GlobalSection(ExtensibilityGlobals) = postSolution
		SolutionGuid = {4D74C1A7-A9CD-4F5B-AB8E-3686773BCC9D}
	EndGlobalSection
EndGlobal
